
Microsoft Visual Studio Solution File, Format Version 12.00
# Visual Studio Version 16
VisualStudioVersion = 16.0.28606.126
MinimumVisualStudioVersion = 10.0.40219.1
Project("{FAE04EC0-301F-11D3-BF4B-00C04F79EFBC}") = "CodeNames.Uwp", "CodeNames.Uwp\CodeNames.Uwp.csproj", "{F721AC8F-133D-43CA-A82D-B2E3CECA7049}"
EndProject
Project("{9A19103F-16F7-4668-BE54-9A1E7A4F7556}") = "CodeNames", "CodeNames\CodeNames.csproj", "{26F7D673-E41E-4B9C-94C0-0C79B31B9B4F}"
EndProject
Project("{FAE04EC0-301F-11D3-BF4B-00C04F79EFBC}") = "CodeNames.iOS", "CodeNames.iOS\CodeNames.iOS.csproj", "{C02EB92F-4151-4AA8-83EE-9B0D8D59437E}"
EndProject
Project("{FAE04EC0-301F-11D3-BF4B-00C04F79EFBC}") = "CodeNames.Droid", "CodeNames.Droid\CodeNames.Droid.csproj", "{1C68BB57-0272-41E3-B4CA-5B017AAA6267}"
EndProject
Global
	GlobalSection(SolutionConfigurationPlatforms) = preSolution
		Ad-Hoc|Any CPU = Ad-Hoc|Any CPU
		Ad-Hoc|ARM = Ad-Hoc|ARM
		Ad-Hoc|ARM64 = Ad-Hoc|ARM64
		Ad-Hoc|iPhone = Ad-Hoc|iPhone
		Ad-Hoc|iPhoneSimulator = Ad-Hoc|iPhoneSimulator
		Ad-Hoc|x64 = Ad-Hoc|x64
		Ad-Hoc|x86 = Ad-Hoc|x86
		AppStore|Any CPU = AppStore|Any CPU
		AppStore|ARM = AppStore|ARM
		AppStore|ARM64 = AppStore|ARM64
		AppStore|iPhone = AppStore|iPhone
		AppStore|iPhoneSimulator = AppStore|iPhoneSimulator
		AppStore|x64 = AppStore|x64
		AppStore|x86 = AppStore|x86
		Debug|Any CPU = Debug|Any CPU
		Debug|ARM = Debug|ARM
		Debug|ARM64 = Debug|ARM64
		Debug|iPhone = Debug|iPhone
		Debug|iPhoneSimulator = Debug|iPhoneSimulator
		Debug|x64 = Debug|x64
		Debug|x86 = Debug|x86
		Release|Any CPU = Release|Any CPU
		Release|ARM = Release|ARM
		Release|ARM64 = Release|ARM64
		Release|iPhone = Release|iPhone
		Release|iPhoneSimulator = Release|iPhoneSimulator
		Release|x64 = Release|x64
		Release|x86 = Release|x86
	EndGlobalSection
	GlobalSection(ProjectConfigurationPlatforms) = postSolution
		{F721AC8F-133D-43CA-A82D-B2E3CECA7049}.Ad-Hoc|Any CPU.ActiveCfg = Release|x64
		{F721AC8F-133D-43CA-A82D-B2E3CECA7049}.Ad-Hoc|Any CPU.Build.0 = Release|x64
		{F721AC8F-133D-43CA-A82D-B2E3CECA7049}.Ad-Hoc|Any CPU.Deploy.0 = Release|x64
		{F721AC8F-133D-43CA-A82D-B2E3CECA7049}.Ad-Hoc|ARM.ActiveCfg = Release|ARM
		{F721AC8F-133D-43CA-A82D-B2E3CECA7049}.Ad-Hoc|ARM.Build.0 = Release|ARM
		{F721AC8F-133D-43CA-A82D-B2E3CECA7049}.Ad-Hoc|ARM.Deploy.0 = Release|ARM
		{F721AC8F-133D-43CA-A82D-B2E3CECA7049}.Ad-Hoc|ARM64.ActiveCfg = Release|ARM64
		{F721AC8F-133D-43CA-A82D-B2E3CECA7049}.Ad-Hoc|ARM64.Build.0 = Release|ARM64
		{F721AC8F-133D-43CA-A82D-B2E3CECA7049}.Ad-Hoc|ARM64.Deploy.0 = Release|ARM64
		{F721AC8F-133D-43CA-A82D-B2E3CECA7049}.Ad-Hoc|iPhone.ActiveCfg = Release|x64
		{F721AC8F-133D-43CA-A82D-B2E3CECA7049}.Ad-Hoc|iPhone.Build.0 = Release|x64
		{F721AC8F-133D-43CA-A82D-B2E3CECA7049}.Ad-Hoc|iPhone.Deploy.0 = Release|x64
		{F721AC8F-133D-43CA-A82D-B2E3CECA7049}.Ad-Hoc|iPhoneSimulator.ActiveCfg = Release|x64
		{F721AC8F-133D-43CA-A82D-B2E3CECA7049}.Ad-Hoc|iPhoneSimulator.Build.0 = Release|x64
		{F721AC8F-133D-43CA-A82D-B2E3CECA7049}.Ad-Hoc|iPhoneSimulator.Deploy.0 = Release|x64
		{F721AC8F-133D-43CA-A82D-B2E3CECA7049}.Ad-Hoc|x64.ActiveCfg = Release|x64
		{F721AC8F-133D-43CA-A82D-B2E3CECA7049}.Ad-Hoc|x64.Build.0 = Release|x64
		{F721AC8F-133D-43CA-A82D-B2E3CECA7049}.Ad-Hoc|x64.Deploy.0 = Release|x64
		{F721AC8F-133D-43CA-A82D-B2E3CECA7049}.Ad-Hoc|x86.ActiveCfg = Release|x86
		{F721AC8F-133D-43CA-A82D-B2E3CECA7049}.Ad-Hoc|x86.Build.0 = Release|x86
		{F721AC8F-133D-43CA-A82D-B2E3CECA7049}.Ad-Hoc|x86.Deploy.0 = Release|x86
		{F721AC8F-133D-43CA-A82D-B2E3CECA7049}.AppStore|Any CPU.ActiveCfg = Release|x64
		{F721AC8F-133D-43CA-A82D-B2E3CECA7049}.AppStore|Any CPU.Build.0 = Release|x64
		{F721AC8F-133D-43CA-A82D-B2E3CECA7049}.AppStore|Any CPU.Deploy.0 = Release|x64
		{F721AC8F-133D-43CA-A82D-B2E3CECA7049}.AppStore|ARM.ActiveCfg = Release|ARM
		{F721AC8F-133D-43CA-A82D-B2E3CECA7049}.AppStore|ARM.Build.0 = Release|ARM
		{F721AC8F-133D-43CA-A82D-B2E3CECA7049}.AppStore|ARM.Deploy.0 = Release|ARM
		{F721AC8F-133D-43CA-A82D-B2E3CECA7049}.AppStore|ARM64.ActiveCfg = Release|ARM64
		{F721AC8F-133D-43CA-A82D-B2E3CECA7049}.AppStore|ARM64.Build.0 = Release|ARM64
		{F721AC8F-133D-43CA-A82D-B2E3CECA7049}.AppStore|ARM64.Deploy.0 = Release|ARM64
		{F721AC8F-133D-43CA-A82D-B2E3CECA7049}.AppStore|iPhone.ActiveCfg = Release|x64
		{F721AC8F-133D-43CA-A82D-B2E3CECA7049}.AppStore|iPhone.Build.0 = Release|x64
		{F721AC8F-133D-43CA-A82D-B2E3CECA7049}.AppStore|iPhone.Deploy.0 = Release|x64
		{F721AC8F-133D-43CA-A82D-B2E3CECA7049}.AppStore|iPhoneSimulator.ActiveCfg = Release|x64
		{F721AC8F-133D-43CA-A82D-B2E3CECA7049}.AppStore|iPhoneSimulator.Build.0 = Release|x64
		{F721AC8F-133D-43CA-A82D-B2E3CECA7049}.AppStore|iPhoneSimulator.Deploy.0 = Release|x64
		{F721AC8F-133D-43CA-A82D-B2E3CECA7049}.AppStore|x64.ActiveCfg = Release|x64
		{F721AC8F-133D-43CA-A82D-B2E3CECA7049}.AppStore|x64.Build.0 = Release|x64
		{F721AC8F-133D-43CA-A82D-B2E3CECA7049}.AppStore|x64.Deploy.0 = Release|x64
		{F721AC8F-133D-43CA-A82D-B2E3CECA7049}.AppStore|x86.ActiveCfg = Release|x86
		{F721AC8F-133D-43CA-A82D-B2E3CECA7049}.AppStore|x86.Build.0 = Release|x86
		{F721AC8F-133D-43CA-A82D-B2E3CECA7049}.AppStore|x86.Deploy.0 = Release|x86
		{F721AC8F-133D-43CA-A82D-B2E3CECA7049}.Debug|Any CPU.ActiveCfg = Debug|x86
		{F721AC8F-133D-43CA-A82D-B2E3CECA7049}.Debug|ARM.ActiveCfg = Debug|ARM
		{F721AC8F-133D-43CA-A82D-B2E3CECA7049}.Debug|ARM.Build.0 = Debug|ARM
		{F721AC8F-133D-43CA-A82D-B2E3CECA7049}.Debug|ARM.Deploy.0 = Debug|ARM
		{F721AC8F-133D-43CA-A82D-B2E3CECA7049}.Debug|ARM64.ActiveCfg = Debug|ARM64
		{F721AC8F-133D-43CA-A82D-B2E3CECA7049}.Debug|ARM64.Build.0 = Debug|ARM64
		{F721AC8F-133D-43CA-A82D-B2E3CECA7049}.Debug|ARM64.Deploy.0 = Debug|ARM64
		{F721AC8F-133D-43CA-A82D-B2E3CECA7049}.Debug|iPhone.ActiveCfg = Debug|x86
		{F721AC8F-133D-43CA-A82D-B2E3CECA7049}.Debug|iPhoneSimulator.ActiveCfg = Debug|x86
		{F721AC8F-133D-43CA-A82D-B2E3CECA7049}.Debug|x64.ActiveCfg = Debug|x64
		{F721AC8F-133D-43CA-A82D-B2E3CECA7049}.Debug|x64.Build.0 = Debug|x64
		{F721AC8F-133D-43CA-A82D-B2E3CECA7049}.Debug|x64.Deploy.0 = Debug|x64
		{F721AC8F-133D-43CA-A82D-B2E3CECA7049}.Debug|x86.ActiveCfg = Debug|x86
		{F721AC8F-133D-43CA-A82D-B2E3CECA7049}.Debug|x86.Build.0 = Debug|x86
		{F721AC8F-133D-43CA-A82D-B2E3CECA7049}.Debug|x86.Deploy.0 = Debug|x86
		{F721AC8F-133D-43CA-A82D-B2E3CECA7049}.Release|Any CPU.ActiveCfg = Release|x86
		{F721AC8F-133D-43CA-A82D-B2E3CECA7049}.Release|ARM.ActiveCfg = Release|ARM
		{F721AC8F-133D-43CA-A82D-B2E3CECA7049}.Release|ARM.Build.0 = Release|ARM
		{F721AC8F-133D-43CA-A82D-B2E3CECA7049}.Release|ARM.Deploy.0 = Release|ARM
		{F721AC8F-133D-43CA-A82D-B2E3CECA7049}.Release|ARM64.ActiveCfg = Release|ARM64
		{F721AC8F-133D-43CA-A82D-B2E3CECA7049}.Release|ARM64.Build.0 = Release|ARM64
		{F721AC8F-133D-43CA-A82D-B2E3CECA7049}.Release|ARM64.Deploy.0 = Release|ARM64
		{F721AC8F-133D-43CA-A82D-B2E3CECA7049}.Release|iPhone.ActiveCfg = Release|x86
		{F721AC8F-133D-43CA-A82D-B2E3CECA7049}.Release|iPhoneSimulator.ActiveCfg = Release|x86
		{F721AC8F-133D-43CA-A82D-B2E3CECA7049}.Release|x64.ActiveCfg = Release|x64
		{F721AC8F-133D-43CA-A82D-B2E3CECA7049}.Release|x64.Build.0 = Release|x64
		{F721AC8F-133D-43CA-A82D-B2E3CECA7049}.Release|x64.Deploy.0 = Release|x64
		{F721AC8F-133D-43CA-A82D-B2E3CECA7049}.Release|x86.ActiveCfg = Release|x86
		{F721AC8F-133D-43CA-A82D-B2E3CECA7049}.Release|x86.Build.0 = Release|x86
		{F721AC8F-133D-43CA-A82D-B2E3CECA7049}.Release|x86.Deploy.0 = Release|x86
		{26F7D673-E41E-4B9C-94C0-0C79B31B9B4F}.Ad-Hoc|Any CPU.ActiveCfg = Release|Any CPU
		{26F7D673-E41E-4B9C-94C0-0C79B31B9B4F}.Ad-Hoc|Any CPU.Build.0 = Release|Any CPU
		{26F7D673-E41E-4B9C-94C0-0C79B31B9B4F}.Ad-Hoc|ARM.ActiveCfg = Release|Any CPU
		{26F7D673-E41E-4B9C-94C0-0C79B31B9B4F}.Ad-Hoc|ARM.Build.0 = Release|Any CPU
		{26F7D673-E41E-4B9C-94C0-0C79B31B9B4F}.Ad-Hoc|ARM64.ActiveCfg = Release|Any CPU
		{26F7D673-E41E-4B9C-94C0-0C79B31B9B4F}.Ad-Hoc|ARM64.Build.0 = Release|Any CPU
		{26F7D673-E41E-4B9C-94C0-0C79B31B9B4F}.Ad-Hoc|iPhone.ActiveCfg = Release|Any CPU
		{26F7D673-E41E-4B9C-94C0-0C79B31B9B4F}.Ad-Hoc|iPhone.Build.0 = Release|Any CPU
		{26F7D673-E41E-4B9C-94C0-0C79B31B9B4F}.Ad-Hoc|iPhoneSimulator.ActiveCfg = Release|Any CPU
		{26F7D673-E41E-4B9C-94C0-0C79B31B9B4F}.Ad-Hoc|iPhoneSimulator.Build.0 = Release|Any CPU
		{26F7D673-E41E-4B9C-94C0-0C79B31B9B4F}.Ad-Hoc|x64.ActiveCfg = Release|Any CPU
		{26F7D673-E41E-4B9C-94C0-0C79B31B9B4F}.Ad-Hoc|x64.Build.0 = Release|Any CPU
		{26F7D673-E41E-4B9C-94C0-0C79B31B9B4F}.Ad-Hoc|x86.ActiveCfg = Release|Any CPU
		{26F7D673-E41E-4B9C-94C0-0C79B31B9B4F}.Ad-Hoc|x86.Build.0 = Release|Any CPU
		{26F7D673-E41E-4B9C-94C0-0C79B31B9B4F}.AppStore|Any CPU.ActiveCfg = Release|Any CPU
		{26F7D673-E41E-4B9C-94C0-0C79B31B9B4F}.AppStore|Any CPU.Build.0 = Release|Any CPU
		{26F7D673-E41E-4B9C-94C0-0C79B31B9B4F}.AppStore|ARM.ActiveCfg = Release|Any CPU
		{26F7D673-E41E-4B9C-94C0-0C79B31B9B4F}.AppStore|ARM.Build.0 = Release|Any CPU
		{26F7D673-E41E-4B9C-94C0-0C79B31B9B4F}.AppStore|ARM64.ActiveCfg = Release|Any CPU
		{26F7D673-E41E-4B9C-94C0-0C79B31B9B4F}.AppStore|ARM64.Build.0 = Release|Any CPU
		{26F7D673-E41E-4B9C-94C0-0C79B31B9B4F}.AppStore|iPhone.ActiveCfg = Release|Any CPU
		{26F7D673-E41E-4B9C-94C0-0C79B31B9B4F}.AppStore|iPhone.Build.0 = Release|Any CPU
		{26F7D673-E41E-4B9C-94C0-0C79B31B9B4F}.AppStore|iPhoneSimulator.ActiveCfg = Release|Any CPU
		{26F7D673-E41E-4B9C-94C0-0C79B31B9B4F}.AppStore|iPhoneSimulator.Build.0 = Release|Any CPU
		{26F7D673-E41E-4B9C-94C0-0C79B31B9B4F}.AppStore|x64.ActiveCfg = Release|Any CPU
		{26F7D673-E41E-4B9C-94C0-0C79B31B9B4F}.AppStore|x64.Build.0 = Release|Any CPU
		{26F7D673-E41E-4B9C-94C0-0C79B31B9B4F}.AppStore|x86.ActiveCfg = Release|Any CPU
		{26F7D673-E41E-4B9C-94C0-0C79B31B9B4F}.AppStore|x86.Build.0 = Release|Any CPU
		{26F7D673-E41E-4B9C-94C0-0C79B31B9B4F}.Debug|Any CPU.ActiveCfg = Debug|Any CPU
		{26F7D673-E41E-4B9C-94C0-0C79B31B9B4F}.Debug|Any CPU.Build.0 = Debug|Any CPU
		{26F7D673-E41E-4B9C-94C0-0C79B31B9B4F}.Debug|ARM.ActiveCfg = Debug|Any CPU
		{26F7D673-E41E-4B9C-94C0-0C79B31B9B4F}.Debug|ARM.Build.0 = Debug|Any CPU
		{26F7D673-E41E-4B9C-94C0-0C79B31B9B4F}.Debug|ARM64.ActiveCfg = Debug|Any CPU
		{26F7D673-E41E-4B9C-94C0-0C79B31B9B4F}.Debug|ARM64.Build.0 = Debug|Any CPU
		{26F7D673-E41E-4B9C-94C0-0C79B31B9B4F}.Debug|iPhone.ActiveCfg = Debug|Any CPU
		{26F7D673-E41E-4B9C-94C0-0C79B31B9B4F}.Debug|iPhone.Build.0 = Debug|Any CPU
		{26F7D673-E41E-4B9C-94C0-0C79B31B9B4F}.Debug|iPhoneSimulator.ActiveCfg = Debug|Any CPU
		{26F7D673-E41E-4B9C-94C0-0C79B31B9B4F}.Debug|iPhoneSimulator.Build.0 = Debug|Any CPU
		{26F7D673-E41E-4B9C-94C0-0C79B31B9B4F}.Debug|x64.ActiveCfg = Debug|Any CPU
		{26F7D673-E41E-4B9C-94C0-0C79B31B9B4F}.Debug|x64.Build.0 = Debug|Any CPU
		{26F7D673-E41E-4B9C-94C0-0C79B31B9B4F}.Debug|x86.ActiveCfg = Debug|Any CPU
		{26F7D673-E41E-4B9C-94C0-0C79B31B9B4F}.Debug|x86.Build.0 = Debug|Any CPU
		{26F7D673-E41E-4B9C-94C0-0C79B31B9B4F}.Release|Any CPU.ActiveCfg = Release|Any CPU
		{26F7D673-E41E-4B9C-94C0-0C79B31B9B4F}.Release|Any CPU.Build.0 = Release|Any CPU
		{26F7D673-E41E-4B9C-94C0-0C79B31B9B4F}.Release|ARM.ActiveCfg = Release|Any CPU
		{26F7D673-E41E-4B9C-94C0-0C79B31B9B4F}.Release|ARM.Build.0 = Release|Any CPU
		{26F7D673-E41E-4B9C-94C0-0C79B31B9B4F}.Release|ARM64.ActiveCfg = Release|Any CPU
		{26F7D673-E41E-4B9C-94C0-0C79B31B9B4F}.Release|ARM64.Build.0 = Release|Any CPU
		{26F7D673-E41E-4B9C-94C0-0C79B31B9B4F}.Release|iPhone.ActiveCfg = Release|Any CPU
		{26F7D673-E41E-4B9C-94C0-0C79B31B9B4F}.Release|iPhone.Build.0 = Release|Any CPU
		{26F7D673-E41E-4B9C-94C0-0C79B31B9B4F}.Release|iPhoneSimulator.ActiveCfg = Release|Any CPU
		{26F7D673-E41E-4B9C-94C0-0C79B31B9B4F}.Release|iPhoneSimulator.Build.0 = Release|Any CPU
		{26F7D673-E41E-4B9C-94C0-0C79B31B9B4F}.Release|x64.ActiveCfg = Release|Any CPU
		{26F7D673-E41E-4B9C-94C0-0C79B31B9B4F}.Release|x64.Build.0 = Release|Any CPU
		{26F7D673-E41E-4B9C-94C0-0C79B31B9B4F}.Release|x86.ActiveCfg = Release|Any CPU
		{26F7D673-E41E-4B9C-94C0-0C79B31B9B4F}.Release|x86.Build.0 = Release|Any CPU
		{C02EB92F-4151-4AA8-83EE-9B0D8D59437E}.Ad-Hoc|Any CPU.ActiveCfg = Release|iPhone
		{C02EB92F-4151-4AA8-83EE-9B0D8D59437E}.Ad-Hoc|Any CPU.Build.0 = Release|iPhone
		{C02EB92F-4151-4AA8-83EE-9B0D8D59437E}.Ad-Hoc|ARM.ActiveCfg = Release|iPhone
		{C02EB92F-4151-4AA8-83EE-9B0D8D59437E}.Ad-Hoc|ARM.Build.0 = Release|iPhone
		{C02EB92F-4151-4AA8-83EE-9B0D8D59437E}.Ad-Hoc|ARM64.ActiveCfg = Release|iPhone
		{C02EB92F-4151-4AA8-83EE-9B0D8D59437E}.Ad-Hoc|ARM64.Build.0 = Release|iPhone
		{C02EB92F-4151-4AA8-83EE-9B0D8D59437E}.Ad-Hoc|iPhone.ActiveCfg = Release|iPhone
		{C02EB92F-4151-4AA8-83EE-9B0D8D59437E}.Ad-Hoc|iPhone.Build.0 = Release|iPhone
		{C02EB92F-4151-4AA8-83EE-9B0D8D59437E}.Ad-Hoc|iPhoneSimulator.ActiveCfg = Release|iPhoneSimulator
		{C02EB92F-4151-4AA8-83EE-9B0D8D59437E}.Ad-Hoc|iPhoneSimulator.Build.0 = Release|iPhoneSimulator
		{C02EB92F-4151-4AA8-83EE-9B0D8D59437E}.Ad-Hoc|x64.ActiveCfg = Release|iPhone
		{C02EB92F-4151-4AA8-83EE-9B0D8D59437E}.Ad-Hoc|x64.Build.0 = Release|iPhone
		{C02EB92F-4151-4AA8-83EE-9B0D8D59437E}.Ad-Hoc|x86.ActiveCfg = Release|iPhone
		{C02EB92F-4151-4AA8-83EE-9B0D8D59437E}.Ad-Hoc|x86.Build.0 = Release|iPhone
		{C02EB92F-4151-4AA8-83EE-9B0D8D59437E}.AppStore|Any CPU.ActiveCfg = Release|iPhone
		{C02EB92F-4151-4AA8-83EE-9B0D8D59437E}.AppStore|Any CPU.Build.0 = Release|iPhone
		{C02EB92F-4151-4AA8-83EE-9B0D8D59437E}.AppStore|ARM.ActiveCfg = Release|iPhone
		{C02EB92F-4151-4AA8-83EE-9B0D8D59437E}.AppStore|ARM.Build.0 = Release|iPhone
		{C02EB92F-4151-4AA8-83EE-9B0D8D59437E}.AppStore|ARM64.ActiveCfg = Release|iPhone
		{C02EB92F-4151-4AA8-83EE-9B0D8D59437E}.AppStore|ARM64.Build.0 = Release|iPhone
		{C02EB92F-4151-4AA8-83EE-9B0D8D59437E}.AppStore|iPhone.ActiveCfg = Release|iPhone
		{C02EB92F-4151-4AA8-83EE-9B0D8D59437E}.AppStore|iPhone.Build.0 = Release|iPhone
		{C02EB92F-4151-4AA8-83EE-9B0D8D59437E}.AppStore|iPhoneSimulator.ActiveCfg = Release|iPhoneSimulator
		{C02EB92F-4151-4AA8-83EE-9B0D8D59437E}.AppStore|iPhoneSimulator.Build.0 = Release|iPhoneSimulator
		{C02EB92F-4151-4AA8-83EE-9B0D8D59437E}.AppStore|x64.ActiveCfg = Release|iPhone
		{C02EB92F-4151-4AA8-83EE-9B0D8D59437E}.AppStore|x64.Build.0 = Release|iPhone
		{C02EB92F-4151-4AA8-83EE-9B0D8D59437E}.AppStore|x86.ActiveCfg = Release|iPhone
		{C02EB92F-4151-4AA8-83EE-9B0D8D59437E}.AppStore|x86.Build.0 = Release|iPhone
		{C02EB92F-4151-4AA8-83EE-9B0D8D59437E}.Debug|Any CPU.ActiveCfg = Debug|iPhone
		{C02EB92F-4151-4AA8-83EE-9B0D8D59437E}.Debug|ARM.ActiveCfg = Debug|iPhone
		{C02EB92F-4151-4AA8-83EE-9B0D8D59437E}.Debug|ARM64.ActiveCfg = Debug|iPhone
		{C02EB92F-4151-4AA8-83EE-9B0D8D59437E}.Debug|iPhone.ActiveCfg = Debug|iPhone
		{C02EB92F-4151-4AA8-83EE-9B0D8D59437E}.Debug|iPhone.Build.0 = Debug|iPhone
		{C02EB92F-4151-4AA8-83EE-9B0D8D59437E}.Debug|iPhoneSimulator.ActiveCfg = Debug|iPhoneSimulator
		{C02EB92F-4151-4AA8-83EE-9B0D8D59437E}.Debug|iPhoneSimulator.Build.0 = Debug|iPhoneSimulator
		{C02EB92F-4151-4AA8-83EE-9B0D8D59437E}.Debug|x64.ActiveCfg = Debug|iPhone
		{C02EB92F-4151-4AA8-83EE-9B0D8D59437E}.Debug|x86.ActiveCfg = Debug|iPhone
		{C02EB92F-4151-4AA8-83EE-9B0D8D59437E}.Release|Any CPU.ActiveCfg = Release|iPhone
		{C02EB92F-4151-4AA8-83EE-9B0D8D59437E}.Release|ARM.ActiveCfg = Release|iPhone
		{C02EB92F-4151-4AA8-83EE-9B0D8D59437E}.Release|ARM64.ActiveCfg = Release|iPhone
		{C02EB92F-4151-4AA8-83EE-9B0D8D59437E}.Release|iPhone.ActiveCfg = Release|iPhone
		{C02EB92F-4151-4AA8-83EE-9B0D8D59437E}.Release|iPhone.Build.0 = Release|iPhone
		{C02EB92F-4151-4AA8-83EE-9B0D8D59437E}.Release|iPhoneSimulator.ActiveCfg = Release|iPhoneSimulator
		{C02EB92F-4151-4AA8-83EE-9B0D8D59437E}.Release|iPhoneSimulator.Build.0 = Release|iPhoneSimulator
		{C02EB92F-4151-4AA8-83EE-9B0D8D59437E}.Release|x64.ActiveCfg = Release|iPhone
		{C02EB92F-4151-4AA8-83EE-9B0D8D59437E}.Release|x86.ActiveCfg = Release|iPhone
		{1C68BB57-0272-41E3-B4CA-5B017AAA6267}.Ad-Hoc|Any CPU.ActiveCfg = Release|Any CPU
		{1C68BB57-0272-41E3-B4CA-5B017AAA6267}.Ad-Hoc|Any CPU.Build.0 = Release|Any CPU
		{1C68BB57-0272-41E3-B4CA-5B017AAA6267}.Ad-Hoc|Any CPU.Deploy.0 = Release|Any CPU
		{1C68BB57-0272-41E3-B4CA-5B017AAA6267}.Ad-Hoc|ARM.ActiveCfg = Release|Any CPU
		{1C68BB57-0272-41E3-B4CA-5B017AAA6267}.Ad-Hoc|ARM.Build.0 = Release|Any CPU
		{1C68BB57-0272-41E3-B4CA-5B017AAA6267}.Ad-Hoc|ARM.Deploy.0 = Release|Any CPU
		{1C68BB57-0272-41E3-B4CA-5B017AAA6267}.Ad-Hoc|ARM64.ActiveCfg = Release|Any CPU
		{1C68BB57-0272-41E3-B4CA-5B017AAA6267}.Ad-Hoc|ARM64.Build.0 = Release|Any CPU
		{1C68BB57-0272-41E3-B4CA-5B017AAA6267}.Ad-Hoc|ARM64.Deploy.0 = Release|Any CPU
		{1C68BB57-0272-41E3-B4CA-5B017AAA6267}.Ad-Hoc|iPhone.ActiveCfg = Release|Any CPU
		{1C68BB57-0272-41E3-B4CA-5B017AAA6267}.Ad-Hoc|iPhone.Build.0 = Release|Any CPU
		{1C68BB57-0272-41E3-B4CA-5B017AAA6267}.Ad-Hoc|iPhone.Deploy.0 = Release|Any CPU
		{1C68BB57-0272-41E3-B4CA-5B017AAA6267}.Ad-Hoc|iPhoneSimulator.ActiveCfg = Release|Any CPU
		{1C68BB57-0272-41E3-B4CA-5B017AAA6267}.Ad-Hoc|iPhoneSimulator.Build.0 = Release|Any CPU
		{1C68BB57-0272-41E3-B4CA-5B017AAA6267}.Ad-Hoc|iPhoneSimulator.Deploy.0 = Release|Any CPU
		{1C68BB57-0272-41E3-B4CA-5B017AAA6267}.Ad-Hoc|x64.ActiveCfg = Release|Any CPU
		{1C68BB57-0272-41E3-B4CA-5B017AAA6267}.Ad-Hoc|x64.Build.0 = Release|Any CPU
		{1C68BB57-0272-41E3-B4CA-5B017AAA6267}.Ad-Hoc|x64.Deploy.0 = Release|Any CPU
		{1C68BB57-0272-41E3-B4CA-5B017AAA6267}.Ad-Hoc|x86.ActiveCfg = Release|Any CPU
		{1C68BB57-0272-41E3-B4CA-5B017AAA6267}.Ad-Hoc|x86.Build.0 = Release|Any CPU
		{1C68BB57-0272-41E3-B4CA-5B017AAA6267}.Ad-Hoc|x86.Deploy.0 = Release|Any CPU
		{1C68BB57-0272-41E3-B4CA-5B017AAA6267}.AppStore|Any CPU.ActiveCfg = Release|Any CPU
		{1C68BB57-0272-41E3-B4CA-5B017AAA6267}.AppStore|Any CPU.Build.0 = Release|Any CPU
		{1C68BB57-0272-41E3-B4CA-5B017AAA6267}.AppStore|Any CPU.Deploy.0 = Release|Any CPU
		{1C68BB57-0272-41E3-B4CA-5B017AAA6267}.AppStore|ARM.ActiveCfg = Release|Any CPU
		{1C68BB57-0272-41E3-B4CA-5B017AAA6267}.AppStore|ARM.Build.0 = Release|Any CPU
		{1C68BB57-0272-41E3-B4CA-5B017AAA6267}.AppStore|ARM.Deploy.0 = Release|Any CPU
		{1C68BB57-0272-41E3-B4CA-5B017AAA6267}.AppStore|ARM64.ActiveCfg = Release|Any CPU
		{1C68BB57-0272-41E3-B4CA-5B017AAA6267}.AppStore|ARM64.Build.0 = Release|Any CPU
		{1C68BB57-0272-41E3-B4CA-5B017AAA6267}.AppStore|ARM64.Deploy.0 = Release|Any CPU
		{1C68BB57-0272-41E3-B4CA-5B017AAA6267}.AppStore|iPhone.ActiveCfg = Release|Any CPU
		{1C68BB57-0272-41E3-B4CA-5B017AAA6267}.AppStore|iPhone.Build.0 = Release|Any CPU
		{1C68BB57-0272-41E3-B4CA-5B017AAA6267}.AppStore|iPhone.Deploy.0 = Release|Any CPU
		{1C68BB57-0272-41E3-B4CA-5B017AAA6267}.AppStore|iPhoneSimulator.ActiveCfg = Release|Any CPU
		{1C68BB57-0272-41E3-B4CA-5B017AAA6267}.AppStore|iPhoneSimulator.Build.0 = Release|Any CPU
		{1C68BB57-0272-41E3-B4CA-5B017AAA6267}.AppStore|iPhoneSimulator.Deploy.0 = Release|Any CPU
		{1C68BB57-0272-41E3-B4CA-5B017AAA6267}.AppStore|x64.ActiveCfg = Release|Any CPU
		{1C68BB57-0272-41E3-B4CA-5B017AAA6267}.AppStore|x64.Build.0 = Release|Any CPU
		{1C68BB57-0272-41E3-B4CA-5B017AAA6267}.AppStore|x64.Deploy.0 = Release|Any CPU
		{1C68BB57-0272-41E3-B4CA-5B017AAA6267}.AppStore|x86.ActiveCfg = Release|Any CPU
		{1C68BB57-0272-41E3-B4CA-5B017AAA6267}.AppStore|x86.Build.0 = Release|Any CPU
		{1C68BB57-0272-41E3-B4CA-5B017AAA6267}.AppStore|x86.Deploy.0 = Release|Any CPU
		{1C68BB57-0272-41E3-B4CA-5B017AAA6267}.Debug|Any CPU.ActiveCfg = Debug|Any CPU
		{1C68BB57-0272-41E3-B4CA-5B017AAA6267}.Debug|Any CPU.Build.0 = Debug|Any CPU
		{1C68BB57-0272-41E3-B4CA-5B017AAA6267}.Debug|Any CPU.Deploy.0 = Debug|Any CPU
		{1C68BB57-0272-41E3-B4CA-5B017AAA6267}.Debug|ARM.ActiveCfg = Debug|Any CPU
		{1C68BB57-0272-41E3-B4CA-5B017AAA6267}.Debug|ARM.Build.0 = Debug|Any CPU
		{1C68BB57-0272-41E3-B4CA-5B017AAA6267}.Debug|ARM.Deploy.0 = Debug|Any CPU
		{1C68BB57-0272-41E3-B4CA-5B017AAA6267}.Debug|ARM64.ActiveCfg = Debug|Any CPU
		{1C68BB57-0272-41E3-B4CA-5B017AAA6267}.Debug|ARM64.Build.0 = Debug|Any CPU
		{1C68BB57-0272-41E3-B4CA-5B017AAA6267}.Debug|ARM64.Deploy.0 = Debug|Any CPU
		{1C68BB57-0272-41E3-B4CA-5B017AAA6267}.Debug|iPhone.ActiveCfg = Debug|Any CPU
		{1C68BB57-0272-41E3-B4CA-5B017AAA6267}.Debug|iPhone.Build.0 = Debug|Any CPU
		{1C68BB57-0272-41E3-B4CA-5B017AAA6267}.Debug|iPhone.Deploy.0 = Debug|Any CPU
		{1C68BB57-0272-41E3-B4CA-5B017AAA6267}.Debug|iPhoneSimulator.ActiveCfg = Debug|Any CPU
		{1C68BB57-0272-41E3-B4CA-5B017AAA6267}.Debug|iPhoneSimulator.Build.0 = Debug|Any CPU
		{1C68BB57-0272-41E3-B4CA-5B017AAA6267}.Debug|iPhoneSimulator.Deploy.0 = Debug|Any CPU
		{1C68BB57-0272-41E3-B4CA-5B017AAA6267}.Debug|x64.ActiveCfg = Debug|Any CPU
		{1C68BB57-0272-41E3-B4CA-5B017AAA6267}.Debug|x64.Build.0 = Debug|Any CPU
		{1C68BB57-0272-41E3-B4CA-5B017AAA6267}.Debug|x64.Deploy.0 = Debug|Any CPU
		{1C68BB57-0272-41E3-B4CA-5B017AAA6267}.Debug|x86.ActiveCfg = Debug|Any CPU
		{1C68BB57-0272-41E3-B4CA-5B017AAA6267}.Debug|x86.Build.0 = Debug|Any CPU
		{1C68BB57-0272-41E3-B4CA-5B017AAA6267}.Debug|x86.Deploy.0 = Debug|Any CPU
		{1C68BB57-0272-41E3-B4CA-5B017AAA6267}.Release|Any CPU.ActiveCfg = Release|Any CPU
		{1C68BB57-0272-41E3-B4CA-5B017AAA6267}.Release|Any CPU.Build.0 = Release|Any CPU
		{1C68BB57-0272-41E3-B4CA-5B017AAA6267}.Release|Any CPU.Deploy.0 = Release|Any CPU
		{1C68BB57-0272-41E3-B4CA-5B017AAA6267}.Release|ARM.ActiveCfg = Release|Any CPU
		{1C68BB57-0272-41E3-B4CA-5B017AAA6267}.Release|ARM.Build.0 = Release|Any CPU
		{1C68BB57-0272-41E3-B4CA-5B017AAA6267}.Release|ARM.Deploy.0 = Release|Any CPU
		{1C68BB57-0272-41E3-B4CA-5B017AAA6267}.Release|ARM64.ActiveCfg = Release|Any CPU
		{1C68BB57-0272-41E3-B4CA-5B017AAA6267}.Release|ARM64.Build.0 = Release|Any CPU
		{1C68BB57-0272-41E3-B4CA-5B017AAA6267}.Release|ARM64.Deploy.0 = Release|Any CPU
		{1C68BB57-0272-41E3-B4CA-5B017AAA6267}.Release|iPhone.ActiveCfg = Release|Any CPU
		{1C68BB57-0272-41E3-B4CA-5B017AAA6267}.Release|iPhone.Build.0 = Release|Any CPU
		{1C68BB57-0272-41E3-B4CA-5B017AAA6267}.Release|iPhone.Deploy.0 = Release|Any CPU
		{1C68BB57-0272-41E3-B4CA-5B017AAA6267}.Release|iPhoneSimulator.ActiveCfg = Release|Any CPU
		{1C68BB57-0272-41E3-B4CA-5B017AAA6267}.Release|iPhoneSimulator.Build.0 = Release|Any CPU
		{1C68BB57-0272-41E3-B4CA-5B017AAA6267}.Release|iPhoneSimulator.Deploy.0 = Release|Any CPU
		{1C68BB57-0272-41E3-B4CA-5B017AAA6267}.Release|x64.ActiveCfg = Release|Any CPU
		{1C68BB57-0272-41E3-B4CA-5B017AAA6267}.Release|x64.Build.0 = Release|Any CPU
		{1C68BB57-0272-41E3-B4CA-5B017AAA6267}.Release|x64.Deploy.0 = Release|Any CPU
		{1C68BB57-0272-41E3-B4CA-5B017AAA6267}.Release|x86.ActiveCfg = Release|Any CPU
		{1C68BB57-0272-41E3-B4CA-5B017AAA6267}.Release|x86.Build.0 = Release|Any CPU
		{1C68BB57-0272-41E3-B4CA-5B017AAA6267}.Release|x86.Deploy.0 = Release|Any CPU
	EndGlobalSection
	GlobalSection(SolutionProperties) = preSolution
		HideSolutionNode = FALSE
	EndGlobalSection
	GlobalSection(ExtensibilityGlobals) = postSolution
		SolutionGuid = {EA718079-8797-4BC2-A583-CB5CE2BD9095}
	EndGlobalSection
EndGlobal
