
Microsoft Visual Studio Solution File, Format Version 12.00
# Visual Studio Version 16
VisualStudioVersion = 16.0.28606.126
MinimumVisualStudioVersion = 10.0.40219.1
Project("{9A19103F-16F7-4668-BE54-9A1E7A4F7556}") = "CodeNames", "CodeNames\CodeNames.csproj", "{26F7D673-E41E-4B9C-94C0-0C79B31B9B4F}"
EndProject
Project("{D954291E-2A0B-460D-934E-DC6B0785DB48}") = "CodeNames.Uno.Shared", "CodeNames.Uno\CodeNames.Uno.Shared\CodeNames.Uno.Shared.shproj", "{6279C845-92F8-4333-AB99-3D213163593C}"
EndProject
Project("{FAE04EC0-301F-11D3-BF4B-00C04F79EFBC}") = "CodeNames.Uno.Droid", "CodeNames.Uno\CodeNames.Uno.Droid\CodeNames.Uno.Droid.csproj", "{A41E3AE1-B64F-487E-9FFC-CF65DCCB1D26}"
EndProject
Project("{FAE04EC0-301F-11D3-BF4B-00C04F79EFBC}") = "CodeNames.Uno.iOS", "CodeNames.Uno\CodeNames.Uno.iOS\CodeNames.Uno.iOS.csproj", "{2F8E97DA-A7CC-4F58-9D9A-AB56D9C56DDD}"
EndProject
Project("{FAE04EC0-301F-11D3-BF4B-00C04F79EFBC}") = "CodeNames.Uno.UWP", "CodeNames.Uno\CodeNames.Uno.UWP\CodeNames.Uno.UWP.csproj", "{0A161F16-03E1-4AAB-BEC9-437E0B8BC913}"
EndProject
Project("{9A19103F-16F7-4668-BE54-9A1E7A4F7556}") = "CodeNames.Uno.Wasm", "CodeNames.Uno\CodeNames.Uno.Wasm\CodeNames.Uno.Wasm.csproj", "{AC2A1335-C666-4359-A146-9B1579B61067}"
EndProject
Global
	GlobalSection(SharedMSBuildProjectFiles) = preSolution
		CodeNames.Uno\CodeNames.Uno.Shared\CodeNames.Uno.Shared.projitems*{0a161f16-03e1-4aab-bec9-437e0b8bc913}*SharedItemsImports = 4
		CodeNames.Uno\CodeNames.Uno.Shared\CodeNames.Uno.Shared.projitems*{2f8e97da-a7cc-4f58-9d9a-ab56d9c56ddd}*SharedItemsImports = 4
		CodeNames.Uno\CodeNames.Uno.Shared\CodeNames.Uno.Shared.projitems*{6279c845-92f8-4333-ab99-3d213163593c}*SharedItemsImports = 13
		CodeNames.Uno\CodeNames.Uno.Shared\CodeNames.Uno.Shared.projitems*{a41e3ae1-b64f-487e-9ffc-cf65dccb1d26}*SharedItemsImports = 4
	EndGlobalSection
	GlobalSection(SolutionConfigurationPlatforms) = preSolution
		Ad-Hoc|Any CPU = Ad-Hoc|Any CPU
		Ad-Hoc|ARM = Ad-Hoc|ARM
		Ad-Hoc|ARM64 = Ad-Hoc|ARM64
		Ad-Hoc|iPhone = Ad-Hoc|iPhone
		Ad-Hoc|iPhoneSimulator = Ad-Hoc|iPhoneSimulator
		Ad-Hoc|x64 = Ad-Hoc|x64
		Ad-Hoc|x86 = Ad-Hoc|x86
		AppStore|Any CPU = AppStore|Any CPU
		AppStore|ARM = AppStore|ARM
		AppStore|ARM64 = AppStore|ARM64
		AppStore|iPhone = AppStore|iPhone
		AppStore|iPhoneSimulator = AppStore|iPhoneSimulator
		AppStore|x64 = AppStore|x64
		AppStore|x86 = AppStore|x86
		Debug|Any CPU = Debug|Any CPU
		Debug|ARM = Debug|ARM
		Debug|ARM64 = Debug|ARM64
		Debug|iPhone = Debug|iPhone
		Debug|iPhoneSimulator = Debug|iPhoneSimulator
		Debug|x64 = Debug|x64
		Debug|x86 = Debug|x86
		Release|Any CPU = Release|Any CPU
		Release|ARM = Release|ARM
		Release|ARM64 = Release|ARM64
		Release|iPhone = Release|iPhone
		Release|iPhoneSimulator = Release|iPhoneSimulator
		Release|x64 = Release|x64
		Release|x86 = Release|x86
	EndGlobalSection
	GlobalSection(ProjectConfigurationPlatforms) = postSolution
		{26F7D673-E41E-4B9C-94C0-0C79B31B9B4F}.Ad-Hoc|Any CPU.ActiveCfg = Release|Any CPU
		{26F7D673-E41E-4B9C-94C0-0C79B31B9B4F}.Ad-Hoc|Any CPU.Build.0 = Release|Any CPU
		{26F7D673-E41E-4B9C-94C0-0C79B31B9B4F}.Ad-Hoc|ARM.ActiveCfg = Release|Any CPU
		{26F7D673-E41E-4B9C-94C0-0C79B31B9B4F}.Ad-Hoc|ARM.Build.0 = Release|Any CPU
		{26F7D673-E41E-4B9C-94C0-0C79B31B9B4F}.Ad-Hoc|ARM64.ActiveCfg = Release|Any CPU
		{26F7D673-E41E-4B9C-94C0-0C79B31B9B4F}.Ad-Hoc|ARM64.Build.0 = Release|Any CPU
		{26F7D673-E41E-4B9C-94C0-0C79B31B9B4F}.Ad-Hoc|iPhone.ActiveCfg = Release|Any CPU
		{26F7D673-E41E-4B9C-94C0-0C79B31B9B4F}.Ad-Hoc|iPhone.Build.0 = Release|Any CPU
		{26F7D673-E41E-4B9C-94C0-0C79B31B9B4F}.Ad-Hoc|iPhoneSimulator.ActiveCfg = Release|Any CPU
		{26F7D673-E41E-4B9C-94C0-0C79B31B9B4F}.Ad-Hoc|iPhoneSimulator.Build.0 = Release|Any CPU
		{26F7D673-E41E-4B9C-94C0-0C79B31B9B4F}.Ad-Hoc|x64.ActiveCfg = Release|Any CPU
		{26F7D673-E41E-4B9C-94C0-0C79B31B9B4F}.Ad-Hoc|x64.Build.0 = Release|Any CPU
		{26F7D673-E41E-4B9C-94C0-0C79B31B9B4F}.Ad-Hoc|x86.ActiveCfg = Release|Any CPU
		{26F7D673-E41E-4B9C-94C0-0C79B31B9B4F}.Ad-Hoc|x86.Build.0 = Release|Any CPU
		{26F7D673-E41E-4B9C-94C0-0C79B31B9B4F}.AppStore|Any CPU.ActiveCfg = Release|Any CPU
		{26F7D673-E41E-4B9C-94C0-0C79B31B9B4F}.AppStore|Any CPU.Build.0 = Release|Any CPU
		{26F7D673-E41E-4B9C-94C0-0C79B31B9B4F}.AppStore|ARM.ActiveCfg = Release|Any CPU
		{26F7D673-E41E-4B9C-94C0-0C79B31B9B4F}.AppStore|ARM.Build.0 = Release|Any CPU
		{26F7D673-E41E-4B9C-94C0-0C79B31B9B4F}.AppStore|ARM64.ActiveCfg = Release|Any CPU
		{26F7D673-E41E-4B9C-94C0-0C79B31B9B4F}.AppStore|ARM64.Build.0 = Release|Any CPU
		{26F7D673-E41E-4B9C-94C0-0C79B31B9B4F}.AppStore|iPhone.ActiveCfg = Release|Any CPU
		{26F7D673-E41E-4B9C-94C0-0C79B31B9B4F}.AppStore|iPhone.Build.0 = Release|Any CPU
		{26F7D673-E41E-4B9C-94C0-0C79B31B9B4F}.AppStore|iPhoneSimulator.ActiveCfg = Release|Any CPU
		{26F7D673-E41E-4B9C-94C0-0C79B31B9B4F}.AppStore|iPhoneSimulator.Build.0 = Release|Any CPU
		{26F7D673-E41E-4B9C-94C0-0C79B31B9B4F}.AppStore|x64.ActiveCfg = Release|Any CPU
		{26F7D673-E41E-4B9C-94C0-0C79B31B9B4F}.AppStore|x64.Build.0 = Release|Any CPU
		{26F7D673-E41E-4B9C-94C0-0C79B31B9B4F}.AppStore|x86.ActiveCfg = Release|Any CPU
		{26F7D673-E41E-4B9C-94C0-0C79B31B9B4F}.AppStore|x86.Build.0 = Release|Any CPU
		{26F7D673-E41E-4B9C-94C0-0C79B31B9B4F}.Debug|Any CPU.ActiveCfg = Debug|Any CPU
		{26F7D673-E41E-4B9C-94C0-0C79B31B9B4F}.Debug|Any CPU.Build.0 = Debug|Any CPU
		{26F7D673-E41E-4B9C-94C0-0C79B31B9B4F}.Debug|ARM.ActiveCfg = Debug|Any CPU
		{26F7D673-E41E-4B9C-94C0-0C79B31B9B4F}.Debug|ARM.Build.0 = Debug|Any CPU
		{26F7D673-E41E-4B9C-94C0-0C79B31B9B4F}.Debug|ARM64.ActiveCfg = Debug|Any CPU
		{26F7D673-E41E-4B9C-94C0-0C79B31B9B4F}.Debug|ARM64.Build.0 = Debug|Any CPU
		{26F7D673-E41E-4B9C-94C0-0C79B31B9B4F}.Debug|iPhone.ActiveCfg = Debug|Any CPU
		{26F7D673-E41E-4B9C-94C0-0C79B31B9B4F}.Debug|iPhone.Build.0 = Debug|Any CPU
		{26F7D673-E41E-4B9C-94C0-0C79B31B9B4F}.Debug|iPhoneSimulator.ActiveCfg = Debug|Any CPU
		{26F7D673-E41E-4B9C-94C0-0C79B31B9B4F}.Debug|iPhoneSimulator.Build.0 = Debug|Any CPU
		{26F7D673-E41E-4B9C-94C0-0C79B31B9B4F}.Debug|x64.ActiveCfg = Debug|Any CPU
		{26F7D673-E41E-4B9C-94C0-0C79B31B9B4F}.Debug|x64.Build.0 = Debug|Any CPU
		{26F7D673-E41E-4B9C-94C0-0C79B31B9B4F}.Debug|x86.ActiveCfg = Debug|Any CPU
		{26F7D673-E41E-4B9C-94C0-0C79B31B9B4F}.Debug|x86.Build.0 = Debug|Any CPU
		{26F7D673-E41E-4B9C-94C0-0C79B31B9B4F}.Release|Any CPU.ActiveCfg = Release|Any CPU
		{26F7D673-E41E-4B9C-94C0-0C79B31B9B4F}.Release|Any CPU.Build.0 = Release|Any CPU
		{26F7D673-E41E-4B9C-94C0-0C79B31B9B4F}.Release|ARM.ActiveCfg = Release|Any CPU
		{26F7D673-E41E-4B9C-94C0-0C79B31B9B4F}.Release|ARM.Build.0 = Release|Any CPU
		{26F7D673-E41E-4B9C-94C0-0C79B31B9B4F}.Release|ARM64.ActiveCfg = Release|Any CPU
		{26F7D673-E41E-4B9C-94C0-0C79B31B9B4F}.Release|ARM64.Build.0 = Release|Any CPU
		{26F7D673-E41E-4B9C-94C0-0C79B31B9B4F}.Release|iPhone.ActiveCfg = Release|Any CPU
		{26F7D673-E41E-4B9C-94C0-0C79B31B9B4F}.Release|iPhone.Build.0 = Release|Any CPU
		{26F7D673-E41E-4B9C-94C0-0C79B31B9B4F}.Release|iPhoneSimulator.ActiveCfg = Release|Any CPU
		{26F7D673-E41E-4B9C-94C0-0C79B31B9B4F}.Release|iPhoneSimulator.Build.0 = Release|Any CPU
		{26F7D673-E41E-4B9C-94C0-0C79B31B9B4F}.Release|x64.ActiveCfg = Release|Any CPU
		{26F7D673-E41E-4B9C-94C0-0C79B31B9B4F}.Release|x64.Build.0 = Release|Any CPU
		{26F7D673-E41E-4B9C-94C0-0C79B31B9B4F}.Release|x86.ActiveCfg = Release|Any CPU
		{26F7D673-E41E-4B9C-94C0-0C79B31B9B4F}.Release|x86.Build.0 = Release|Any CPU
		{A41E3AE1-B64F-487E-9FFC-CF65DCCB1D26}.Ad-Hoc|Any CPU.ActiveCfg = Release|Any CPU
		{A41E3AE1-B64F-487E-9FFC-CF65DCCB1D26}.Ad-Hoc|Any CPU.Build.0 = Release|Any CPU
		{A41E3AE1-B64F-487E-9FFC-CF65DCCB1D26}.Ad-Hoc|Any CPU.Deploy.0 = Release|Any CPU
		{A41E3AE1-B64F-487E-9FFC-CF65DCCB1D26}.Ad-Hoc|ARM.ActiveCfg = Release|Any CPU
		{A41E3AE1-B64F-487E-9FFC-CF65DCCB1D26}.Ad-Hoc|ARM.Build.0 = Release|Any CPU
		{A41E3AE1-B64F-487E-9FFC-CF65DCCB1D26}.Ad-Hoc|ARM.Deploy.0 = Release|Any CPU
		{A41E3AE1-B64F-487E-9FFC-CF65DCCB1D26}.Ad-Hoc|ARM64.ActiveCfg = Release|Any CPU
		{A41E3AE1-B64F-487E-9FFC-CF65DCCB1D26}.Ad-Hoc|ARM64.Build.0 = Release|Any CPU
		{A41E3AE1-B64F-487E-9FFC-CF65DCCB1D26}.Ad-Hoc|ARM64.Deploy.0 = Release|Any CPU
		{A41E3AE1-B64F-487E-9FFC-CF65DCCB1D26}.Ad-Hoc|iPhone.ActiveCfg = Release|Any CPU
		{A41E3AE1-B64F-487E-9FFC-CF65DCCB1D26}.Ad-Hoc|iPhone.Build.0 = Release|Any CPU
		{A41E3AE1-B64F-487E-9FFC-CF65DCCB1D26}.Ad-Hoc|iPhone.Deploy.0 = Release|Any CPU
		{A41E3AE1-B64F-487E-9FFC-CF65DCCB1D26}.Ad-Hoc|iPhoneSimulator.ActiveCfg = Release|Any CPU
		{A41E3AE1-B64F-487E-9FFC-CF65DCCB1D26}.Ad-Hoc|iPhoneSimulator.Build.0 = Release|Any CPU
		{A41E3AE1-B64F-487E-9FFC-CF65DCCB1D26}.Ad-Hoc|iPhoneSimulator.Deploy.0 = Release|Any CPU
		{A41E3AE1-B64F-487E-9FFC-CF65DCCB1D26}.Ad-Hoc|x64.ActiveCfg = Release|Any CPU
		{A41E3AE1-B64F-487E-9FFC-CF65DCCB1D26}.Ad-Hoc|x64.Build.0 = Release|Any CPU
		{A41E3AE1-B64F-487E-9FFC-CF65DCCB1D26}.Ad-Hoc|x64.Deploy.0 = Release|Any CPU
		{A41E3AE1-B64F-487E-9FFC-CF65DCCB1D26}.Ad-Hoc|x86.ActiveCfg = Release|Any CPU
		{A41E3AE1-B64F-487E-9FFC-CF65DCCB1D26}.Ad-Hoc|x86.Build.0 = Release|Any CPU
		{A41E3AE1-B64F-487E-9FFC-CF65DCCB1D26}.Ad-Hoc|x86.Deploy.0 = Release|Any CPU
		{A41E3AE1-B64F-487E-9FFC-CF65DCCB1D26}.AppStore|Any CPU.ActiveCfg = Release|Any CPU
		{A41E3AE1-B64F-487E-9FFC-CF65DCCB1D26}.AppStore|Any CPU.Build.0 = Release|Any CPU
		{A41E3AE1-B64F-487E-9FFC-CF65DCCB1D26}.AppStore|Any CPU.Deploy.0 = Release|Any CPU
		{A41E3AE1-B64F-487E-9FFC-CF65DCCB1D26}.AppStore|ARM.ActiveCfg = Release|Any CPU
		{A41E3AE1-B64F-487E-9FFC-CF65DCCB1D26}.AppStore|ARM.Build.0 = Release|Any CPU
		{A41E3AE1-B64F-487E-9FFC-CF65DCCB1D26}.AppStore|ARM.Deploy.0 = Release|Any CPU
		{A41E3AE1-B64F-487E-9FFC-CF65DCCB1D26}.AppStore|ARM64.ActiveCfg = Release|Any CPU
		{A41E3AE1-B64F-487E-9FFC-CF65DCCB1D26}.AppStore|ARM64.Build.0 = Release|Any CPU
		{A41E3AE1-B64F-487E-9FFC-CF65DCCB1D26}.AppStore|ARM64.Deploy.0 = Release|Any CPU
		{A41E3AE1-B64F-487E-9FFC-CF65DCCB1D26}.AppStore|iPhone.ActiveCfg = Release|Any CPU
		{A41E3AE1-B64F-487E-9FFC-CF65DCCB1D26}.AppStore|iPhone.Build.0 = Release|Any CPU
		{A41E3AE1-B64F-487E-9FFC-CF65DCCB1D26}.AppStore|iPhone.Deploy.0 = Release|Any CPU
		{A41E3AE1-B64F-487E-9FFC-CF65DCCB1D26}.AppStore|iPhoneSimulator.ActiveCfg = Release|Any CPU
		{A41E3AE1-B64F-487E-9FFC-CF65DCCB1D26}.AppStore|iPhoneSimulator.Build.0 = Release|Any CPU
		{A41E3AE1-B64F-487E-9FFC-CF65DCCB1D26}.AppStore|iPhoneSimulator.Deploy.0 = Release|Any CPU
		{A41E3AE1-B64F-487E-9FFC-CF65DCCB1D26}.AppStore|x64.ActiveCfg = Release|Any CPU
		{A41E3AE1-B64F-487E-9FFC-CF65DCCB1D26}.AppStore|x64.Build.0 = Release|Any CPU
		{A41E3AE1-B64F-487E-9FFC-CF65DCCB1D26}.AppStore|x64.Deploy.0 = Release|Any CPU
		{A41E3AE1-B64F-487E-9FFC-CF65DCCB1D26}.AppStore|x86.ActiveCfg = Release|Any CPU
		{A41E3AE1-B64F-487E-9FFC-CF65DCCB1D26}.AppStore|x86.Build.0 = Release|Any CPU
		{A41E3AE1-B64F-487E-9FFC-CF65DCCB1D26}.AppStore|x86.Deploy.0 = Release|Any CPU
		{A41E3AE1-B64F-487E-9FFC-CF65DCCB1D26}.Debug|Any CPU.ActiveCfg = Debug|Any CPU
		{A41E3AE1-B64F-487E-9FFC-CF65DCCB1D26}.Debug|Any CPU.Build.0 = Debug|Any CPU
		{A41E3AE1-B64F-487E-9FFC-CF65DCCB1D26}.Debug|Any CPU.Deploy.0 = Debug|Any CPU
		{A41E3AE1-B64F-487E-9FFC-CF65DCCB1D26}.Debug|ARM.ActiveCfg = Debug|Any CPU
		{A41E3AE1-B64F-487E-9FFC-CF65DCCB1D26}.Debug|ARM.Build.0 = Debug|Any CPU
		{A41E3AE1-B64F-487E-9FFC-CF65DCCB1D26}.Debug|ARM.Deploy.0 = Debug|Any CPU
		{A41E3AE1-B64F-487E-9FFC-CF65DCCB1D26}.Debug|ARM64.ActiveCfg = Debug|Any CPU
		{A41E3AE1-B64F-487E-9FFC-CF65DCCB1D26}.Debug|ARM64.Build.0 = Debug|Any CPU
		{A41E3AE1-B64F-487E-9FFC-CF65DCCB1D26}.Debug|ARM64.Deploy.0 = Debug|Any CPU
		{A41E3AE1-B64F-487E-9FFC-CF65DCCB1D26}.Debug|iPhone.ActiveCfg = Debug|Any CPU
		{A41E3AE1-B64F-487E-9FFC-CF65DCCB1D26}.Debug|iPhone.Build.0 = Debug|Any CPU
		{A41E3AE1-B64F-487E-9FFC-CF65DCCB1D26}.Debug|iPhone.Deploy.0 = Debug|Any CPU
		{A41E3AE1-B64F-487E-9FFC-CF65DCCB1D26}.Debug|iPhoneSimulator.ActiveCfg = Debug|Any CPU
		{A41E3AE1-B64F-487E-9FFC-CF65DCCB1D26}.Debug|iPhoneSimulator.Build.0 = Debug|Any CPU
		{A41E3AE1-B64F-487E-9FFC-CF65DCCB1D26}.Debug|iPhoneSimulator.Deploy.0 = Debug|Any CPU
		{A41E3AE1-B64F-487E-9FFC-CF65DCCB1D26}.Debug|x64.ActiveCfg = Debug|Any CPU
		{A41E3AE1-B64F-487E-9FFC-CF65DCCB1D26}.Debug|x64.Build.0 = Debug|Any CPU
		{A41E3AE1-B64F-487E-9FFC-CF65DCCB1D26}.Debug|x64.Deploy.0 = Debug|Any CPU
		{A41E3AE1-B64F-487E-9FFC-CF65DCCB1D26}.Debug|x86.ActiveCfg = Debug|Any CPU
		{A41E3AE1-B64F-487E-9FFC-CF65DCCB1D26}.Debug|x86.Build.0 = Debug|Any CPU
		{A41E3AE1-B64F-487E-9FFC-CF65DCCB1D26}.Debug|x86.Deploy.0 = Debug|Any CPU
		{A41E3AE1-B64F-487E-9FFC-CF65DCCB1D26}.Release|Any CPU.ActiveCfg = Release|Any CPU
		{A41E3AE1-B64F-487E-9FFC-CF65DCCB1D26}.Release|Any CPU.Build.0 = Release|Any CPU
		{A41E3AE1-B64F-487E-9FFC-CF65DCCB1D26}.Release|Any CPU.Deploy.0 = Release|Any CPU
		{A41E3AE1-B64F-487E-9FFC-CF65DCCB1D26}.Release|ARM.ActiveCfg = Release|Any CPU
		{A41E3AE1-B64F-487E-9FFC-CF65DCCB1D26}.Release|ARM.Build.0 = Release|Any CPU
		{A41E3AE1-B64F-487E-9FFC-CF65DCCB1D26}.Release|ARM.Deploy.0 = Release|Any CPU
		{A41E3AE1-B64F-487E-9FFC-CF65DCCB1D26}.Release|ARM64.ActiveCfg = Release|Any CPU
		{A41E3AE1-B64F-487E-9FFC-CF65DCCB1D26}.Release|ARM64.Build.0 = Release|Any CPU
		{A41E3AE1-B64F-487E-9FFC-CF65DCCB1D26}.Release|ARM64.Deploy.0 = Release|Any CPU
		{A41E3AE1-B64F-487E-9FFC-CF65DCCB1D26}.Release|iPhone.ActiveCfg = Release|Any CPU
		{A41E3AE1-B64F-487E-9FFC-CF65DCCB1D26}.Release|iPhone.Build.0 = Release|Any CPU
		{A41E3AE1-B64F-487E-9FFC-CF65DCCB1D26}.Release|iPhone.Deploy.0 = Release|Any CPU
		{A41E3AE1-B64F-487E-9FFC-CF65DCCB1D26}.Release|iPhoneSimulator.ActiveCfg = Release|Any CPU
		{A41E3AE1-B64F-487E-9FFC-CF65DCCB1D26}.Release|iPhoneSimulator.Build.0 = Release|Any CPU
		{A41E3AE1-B64F-487E-9FFC-CF65DCCB1D26}.Release|iPhoneSimulator.Deploy.0 = Release|Any CPU
		{A41E3AE1-B64F-487E-9FFC-CF65DCCB1D26}.Release|x64.ActiveCfg = Release|Any CPU
		{A41E3AE1-B64F-487E-9FFC-CF65DCCB1D26}.Release|x64.Build.0 = Release|Any CPU
		{A41E3AE1-B64F-487E-9FFC-CF65DCCB1D26}.Release|x64.Deploy.0 = Release|Any CPU
		{A41E3AE1-B64F-487E-9FFC-CF65DCCB1D26}.Release|x86.ActiveCfg = Release|Any CPU
		{A41E3AE1-B64F-487E-9FFC-CF65DCCB1D26}.Release|x86.Build.0 = Release|Any CPU
		{A41E3AE1-B64F-487E-9FFC-CF65DCCB1D26}.Release|x86.Deploy.0 = Release|Any CPU
		{2F8E97DA-A7CC-4F58-9D9A-AB56D9C56DDD}.Ad-Hoc|Any CPU.ActiveCfg = Ad-Hoc|iPhone
		{2F8E97DA-A7CC-4F58-9D9A-AB56D9C56DDD}.Ad-Hoc|ARM.ActiveCfg = Ad-Hoc|iPhone
		{2F8E97DA-A7CC-4F58-9D9A-AB56D9C56DDD}.Ad-Hoc|ARM64.ActiveCfg = Ad-Hoc|iPhone
		{2F8E97DA-A7CC-4F58-9D9A-AB56D9C56DDD}.Ad-Hoc|iPhone.ActiveCfg = Ad-Hoc|iPhone
		{2F8E97DA-A7CC-4F58-9D9A-AB56D9C56DDD}.Ad-Hoc|iPhone.Build.0 = Ad-Hoc|iPhone
		{2F8E97DA-A7CC-4F58-9D9A-AB56D9C56DDD}.Ad-Hoc|iPhoneSimulator.ActiveCfg = Ad-Hoc|iPhoneSimulator
		{2F8E97DA-A7CC-4F58-9D9A-AB56D9C56DDD}.Ad-Hoc|iPhoneSimulator.Build.0 = Ad-Hoc|iPhoneSimulator
		{2F8E97DA-A7CC-4F58-9D9A-AB56D9C56DDD}.Ad-Hoc|x64.ActiveCfg = Ad-Hoc|iPhone
		{2F8E97DA-A7CC-4F58-9D9A-AB56D9C56DDD}.Ad-Hoc|x86.ActiveCfg = Ad-Hoc|iPhone
		{2F8E97DA-A7CC-4F58-9D9A-AB56D9C56DDD}.AppStore|Any CPU.ActiveCfg = AppStore|iPhone
		{2F8E97DA-A7CC-4F58-9D9A-AB56D9C56DDD}.AppStore|ARM.ActiveCfg = AppStore|iPhone
		{2F8E97DA-A7CC-4F58-9D9A-AB56D9C56DDD}.AppStore|ARM64.ActiveCfg = AppStore|iPhone
		{2F8E97DA-A7CC-4F58-9D9A-AB56D9C56DDD}.AppStore|iPhone.ActiveCfg = AppStore|iPhone
		{2F8E97DA-A7CC-4F58-9D9A-AB56D9C56DDD}.AppStore|iPhone.Build.0 = AppStore|iPhone
		{2F8E97DA-A7CC-4F58-9D9A-AB56D9C56DDD}.AppStore|iPhoneSimulator.ActiveCfg = AppStore|iPhoneSimulator
		{2F8E97DA-A7CC-4F58-9D9A-AB56D9C56DDD}.AppStore|iPhoneSimulator.Build.0 = AppStore|iPhoneSimulator
		{2F8E97DA-A7CC-4F58-9D9A-AB56D9C56DDD}.AppStore|x64.ActiveCfg = AppStore|iPhone
		{2F8E97DA-A7CC-4F58-9D9A-AB56D9C56DDD}.AppStore|x86.ActiveCfg = AppStore|iPhone
		{2F8E97DA-A7CC-4F58-9D9A-AB56D9C56DDD}.Debug|Any CPU.ActiveCfg = Debug|iPhone
		{2F8E97DA-A7CC-4F58-9D9A-AB56D9C56DDD}.Debug|ARM.ActiveCfg = Debug|iPhone
		{2F8E97DA-A7CC-4F58-9D9A-AB56D9C56DDD}.Debug|ARM64.ActiveCfg = Debug|iPhone
		{2F8E97DA-A7CC-4F58-9D9A-AB56D9C56DDD}.Debug|iPhone.ActiveCfg = Debug|iPhone
		{2F8E97DA-A7CC-4F58-9D9A-AB56D9C56DDD}.Debug|iPhone.Build.0 = Debug|iPhone
		{2F8E97DA-A7CC-4F58-9D9A-AB56D9C56DDD}.Debug|iPhoneSimulator.ActiveCfg = Debug|iPhoneSimulator
		{2F8E97DA-A7CC-4F58-9D9A-AB56D9C56DDD}.Debug|iPhoneSimulator.Build.0 = Debug|iPhoneSimulator
		{2F8E97DA-A7CC-4F58-9D9A-AB56D9C56DDD}.Debug|x64.ActiveCfg = Debug|iPhone
		{2F8E97DA-A7CC-4F58-9D9A-AB56D9C56DDD}.Debug|x86.ActiveCfg = Debug|iPhone
		{2F8E97DA-A7CC-4F58-9D9A-AB56D9C56DDD}.Release|Any CPU.ActiveCfg = Release|iPhone
		{2F8E97DA-A7CC-4F58-9D9A-AB56D9C56DDD}.Release|ARM.ActiveCfg = Release|iPhone
		{2F8E97DA-A7CC-4F58-9D9A-AB56D9C56DDD}.Release|ARM64.ActiveCfg = Release|iPhone
		{2F8E97DA-A7CC-4F58-9D9A-AB56D9C56DDD}.Release|iPhone.ActiveCfg = Release|iPhone
		{2F8E97DA-A7CC-4F58-9D9A-AB56D9C56DDD}.Release|iPhone.Build.0 = Release|iPhone
		{2F8E97DA-A7CC-4F58-9D9A-AB56D9C56DDD}.Release|iPhoneSimulator.ActiveCfg = Release|iPhoneSimulator
		{2F8E97DA-A7CC-4F58-9D9A-AB56D9C56DDD}.Release|iPhoneSimulator.Build.0 = Release|iPhoneSimulator
		{2F8E97DA-A7CC-4F58-9D9A-AB56D9C56DDD}.Release|x64.ActiveCfg = Release|iPhone
		{2F8E97DA-A7CC-4F58-9D9A-AB56D9C56DDD}.Release|x86.ActiveCfg = Release|iPhone
		{0A161F16-03E1-4AAB-BEC9-437E0B8BC913}.Ad-Hoc|Any CPU.ActiveCfg = Release|x64
		{0A161F16-03E1-4AAB-BEC9-437E0B8BC913}.Ad-Hoc|Any CPU.Build.0 = Release|x64
		{0A161F16-03E1-4AAB-BEC9-437E0B8BC913}.Ad-Hoc|Any CPU.Deploy.0 = Release|x64
		{0A161F16-03E1-4AAB-BEC9-437E0B8BC913}.Ad-Hoc|ARM.ActiveCfg = Release|ARM
		{0A161F16-03E1-4AAB-BEC9-437E0B8BC913}.Ad-Hoc|ARM.Build.0 = Release|ARM
		{0A161F16-03E1-4AAB-BEC9-437E0B8BC913}.Ad-Hoc|ARM.Deploy.0 = Release|ARM
		{0A161F16-03E1-4AAB-BEC9-437E0B8BC913}.Ad-Hoc|ARM64.ActiveCfg = Release|x64
		{0A161F16-03E1-4AAB-BEC9-437E0B8BC913}.Ad-Hoc|ARM64.Build.0 = Release|x64
		{0A161F16-03E1-4AAB-BEC9-437E0B8BC913}.Ad-Hoc|ARM64.Deploy.0 = Release|x64
		{0A161F16-03E1-4AAB-BEC9-437E0B8BC913}.Ad-Hoc|iPhone.ActiveCfg = Release|x64
		{0A161F16-03E1-4AAB-BEC9-437E0B8BC913}.Ad-Hoc|iPhone.Build.0 = Release|x64
		{0A161F16-03E1-4AAB-BEC9-437E0B8BC913}.Ad-Hoc|iPhone.Deploy.0 = Release|x64
		{0A161F16-03E1-4AAB-BEC9-437E0B8BC913}.Ad-Hoc|iPhoneSimulator.ActiveCfg = Release|x64
		{0A161F16-03E1-4AAB-BEC9-437E0B8BC913}.Ad-Hoc|iPhoneSimulator.Build.0 = Release|x64
		{0A161F16-03E1-4AAB-BEC9-437E0B8BC913}.Ad-Hoc|iPhoneSimulator.Deploy.0 = Release|x64
		{0A161F16-03E1-4AAB-BEC9-437E0B8BC913}.Ad-Hoc|x64.ActiveCfg = Release|x64
		{0A161F16-03E1-4AAB-BEC9-437E0B8BC913}.Ad-Hoc|x64.Build.0 = Release|x64
		{0A161F16-03E1-4AAB-BEC9-437E0B8BC913}.Ad-Hoc|x64.Deploy.0 = Release|x64
		{0A161F16-03E1-4AAB-BEC9-437E0B8BC913}.Ad-Hoc|x86.ActiveCfg = Release|x86
		{0A161F16-03E1-4AAB-BEC9-437E0B8BC913}.Ad-Hoc|x86.Build.0 = Release|x86
		{0A161F16-03E1-4AAB-BEC9-437E0B8BC913}.Ad-Hoc|x86.Deploy.0 = Release|x86
		{0A161F16-03E1-4AAB-BEC9-437E0B8BC913}.AppStore|Any CPU.ActiveCfg = Release|x64
		{0A161F16-03E1-4AAB-BEC9-437E0B8BC913}.AppStore|Any CPU.Build.0 = Release|x64
		{0A161F16-03E1-4AAB-BEC9-437E0B8BC913}.AppStore|Any CPU.Deploy.0 = Release|x64
		{0A161F16-03E1-4AAB-BEC9-437E0B8BC913}.AppStore|ARM.ActiveCfg = Release|ARM
		{0A161F16-03E1-4AAB-BEC9-437E0B8BC913}.AppStore|ARM.Build.0 = Release|ARM
		{0A161F16-03E1-4AAB-BEC9-437E0B8BC913}.AppStore|ARM.Deploy.0 = Release|ARM
		{0A161F16-03E1-4AAB-BEC9-437E0B8BC913}.AppStore|ARM64.ActiveCfg = Release|x64
		{0A161F16-03E1-4AAB-BEC9-437E0B8BC913}.AppStore|ARM64.Build.0 = Release|x64
		{0A161F16-03E1-4AAB-BEC9-437E0B8BC913}.AppStore|ARM64.Deploy.0 = Release|x64
		{0A161F16-03E1-4AAB-BEC9-437E0B8BC913}.AppStore|iPhone.ActiveCfg = Release|x64
		{0A161F16-03E1-4AAB-BEC9-437E0B8BC913}.AppStore|iPhone.Build.0 = Release|x64
		{0A161F16-03E1-4AAB-BEC9-437E0B8BC913}.AppStore|iPhone.Deploy.0 = Release|x64
		{0A161F16-03E1-4AAB-BEC9-437E0B8BC913}.AppStore|iPhoneSimulator.ActiveCfg = Release|x64
		{0A161F16-03E1-4AAB-BEC9-437E0B8BC913}.AppStore|iPhoneSimulator.Build.0 = Release|x64
		{0A161F16-03E1-4AAB-BEC9-437E0B8BC913}.AppStore|iPhoneSimulator.Deploy.0 = Release|x64
		{0A161F16-03E1-4AAB-BEC9-437E0B8BC913}.AppStore|x64.ActiveCfg = Release|x64
		{0A161F16-03E1-4AAB-BEC9-437E0B8BC913}.AppStore|x64.Build.0 = Release|x64
		{0A161F16-03E1-4AAB-BEC9-437E0B8BC913}.AppStore|x64.Deploy.0 = Release|x64
		{0A161F16-03E1-4AAB-BEC9-437E0B8BC913}.AppStore|x86.ActiveCfg = Release|x86
		{0A161F16-03E1-4AAB-BEC9-437E0B8BC913}.AppStore|x86.Build.0 = Release|x86
		{0A161F16-03E1-4AAB-BEC9-437E0B8BC913}.AppStore|x86.Deploy.0 = Release|x86
		{0A161F16-03E1-4AAB-BEC9-437E0B8BC913}.Debug|Any CPU.ActiveCfg = Debug|x86
		{0A161F16-03E1-4AAB-BEC9-437E0B8BC913}.Debug|ARM.ActiveCfg = Debug|ARM
		{0A161F16-03E1-4AAB-BEC9-437E0B8BC913}.Debug|ARM.Build.0 = Debug|ARM
		{0A161F16-03E1-4AAB-BEC9-437E0B8BC913}.Debug|ARM.Deploy.0 = Debug|ARM
		{0A161F16-03E1-4AAB-BEC9-437E0B8BC913}.Debug|ARM64.ActiveCfg = Debug|x86
		{0A161F16-03E1-4AAB-BEC9-437E0B8BC913}.Debug|iPhone.ActiveCfg = Debug|x86
		{0A161F16-03E1-4AAB-BEC9-437E0B8BC913}.Debug|iPhoneSimulator.ActiveCfg = Debug|x86
		{0A161F16-03E1-4AAB-BEC9-437E0B8BC913}.Debug|x64.ActiveCfg = Debug|x64
		{0A161F16-03E1-4AAB-BEC9-437E0B8BC913}.Debug|x64.Build.0 = Debug|x64
		{0A161F16-03E1-4AAB-BEC9-437E0B8BC913}.Debug|x64.Deploy.0 = Debug|x64
		{0A161F16-03E1-4AAB-BEC9-437E0B8BC913}.Debug|x86.ActiveCfg = Debug|x86
		{0A161F16-03E1-4AAB-BEC9-437E0B8BC913}.Debug|x86.Build.0 = Debug|x86
		{0A161F16-03E1-4AAB-BEC9-437E0B8BC913}.Debug|x86.Deploy.0 = Debug|x86
		{0A161F16-03E1-4AAB-BEC9-437E0B8BC913}.Release|Any CPU.ActiveCfg = Release|x86
		{0A161F16-03E1-4AAB-BEC9-437E0B8BC913}.Release|ARM.ActiveCfg = Release|ARM
		{0A161F16-03E1-4AAB-BEC9-437E0B8BC913}.Release|ARM.Build.0 = Release|ARM
		{0A161F16-03E1-4AAB-BEC9-437E0B8BC913}.Release|ARM.Deploy.0 = Release|ARM
		{0A161F16-03E1-4AAB-BEC9-437E0B8BC913}.Release|ARM64.ActiveCfg = Release|x86
		{0A161F16-03E1-4AAB-BEC9-437E0B8BC913}.Release|iPhone.ActiveCfg = Release|x86
		{0A161F16-03E1-4AAB-BEC9-437E0B8BC913}.Release|iPhoneSimulator.ActiveCfg = Release|x86
		{0A161F16-03E1-4AAB-BEC9-437E0B8BC913}.Release|x64.ActiveCfg = Release|x64
		{0A161F16-03E1-4AAB-BEC9-437E0B8BC913}.Release|x64.Build.0 = Release|x64
		{0A161F16-03E1-4AAB-BEC9-437E0B8BC913}.Release|x64.Deploy.0 = Release|x64
		{0A161F16-03E1-4AAB-BEC9-437E0B8BC913}.Release|x86.ActiveCfg = Release|x86
		{0A161F16-03E1-4AAB-BEC9-437E0B8BC913}.Release|x86.Build.0 = Release|x86
		{0A161F16-03E1-4AAB-BEC9-437E0B8BC913}.Release|x86.Deploy.0 = Release|x86
		{AC2A1335-C666-4359-A146-9B1579B61067}.Ad-Hoc|Any CPU.ActiveCfg = Debug|Any CPU
		{AC2A1335-C666-4359-A146-9B1579B61067}.Ad-Hoc|Any CPU.Build.0 = Debug|Any CPU
		{AC2A1335-C666-4359-A146-9B1579B61067}.Ad-Hoc|ARM.ActiveCfg = Debug|Any CPU
		{AC2A1335-C666-4359-A146-9B1579B61067}.Ad-Hoc|ARM.Build.0 = Debug|Any CPU
		{AC2A1335-C666-4359-A146-9B1579B61067}.Ad-Hoc|ARM64.ActiveCfg = Debug|Any CPU
		{AC2A1335-C666-4359-A146-9B1579B61067}.Ad-Hoc|ARM64.Build.0 = Debug|Any CPU
		{AC2A1335-C666-4359-A146-9B1579B61067}.Ad-Hoc|iPhone.ActiveCfg = Debug|Any CPU
		{AC2A1335-C666-4359-A146-9B1579B61067}.Ad-Hoc|iPhone.Build.0 = Debug|Any CPU
		{AC2A1335-C666-4359-A146-9B1579B61067}.Ad-Hoc|iPhoneSimulator.ActiveCfg = Debug|Any CPU
		{AC2A1335-C666-4359-A146-9B1579B61067}.Ad-Hoc|iPhoneSimulator.Build.0 = Debug|Any CPU
		{AC2A1335-C666-4359-A146-9B1579B61067}.Ad-Hoc|x64.ActiveCfg = Debug|Any CPU
		{AC2A1335-C666-4359-A146-9B1579B61067}.Ad-Hoc|x64.Build.0 = Debug|Any CPU
		{AC2A1335-C666-4359-A146-9B1579B61067}.Ad-Hoc|x86.ActiveCfg = Debug|Any CPU
		{AC2A1335-C666-4359-A146-9B1579B61067}.Ad-Hoc|x86.Build.0 = Debug|Any CPU
		{AC2A1335-C666-4359-A146-9B1579B61067}.AppStore|Any CPU.ActiveCfg = Debug|Any CPU
		{AC2A1335-C666-4359-A146-9B1579B61067}.AppStore|Any CPU.Build.0 = Debug|Any CPU
		{AC2A1335-C666-4359-A146-9B1579B61067}.AppStore|ARM.ActiveCfg = Debug|Any CPU
		{AC2A1335-C666-4359-A146-9B1579B61067}.AppStore|ARM.Build.0 = Debug|Any CPU
		{AC2A1335-C666-4359-A146-9B1579B61067}.AppStore|ARM64.ActiveCfg = Debug|Any CPU
		{AC2A1335-C666-4359-A146-9B1579B61067}.AppStore|ARM64.Build.0 = Debug|Any CPU
		{AC2A1335-C666-4359-A146-9B1579B61067}.AppStore|iPhone.ActiveCfg = Debug|Any CPU
		{AC2A1335-C666-4359-A146-9B1579B61067}.AppStore|iPhone.Build.0 = Debug|Any CPU
		{AC2A1335-C666-4359-A146-9B1579B61067}.AppStore|iPhoneSimulator.ActiveCfg = Debug|Any CPU
		{AC2A1335-C666-4359-A146-9B1579B61067}.AppStore|iPhoneSimulator.Build.0 = Debug|Any CPU
		{AC2A1335-C666-4359-A146-9B1579B61067}.AppStore|x64.ActiveCfg = Debug|Any CPU
		{AC2A1335-C666-4359-A146-9B1579B61067}.AppStore|x64.Build.0 = Debug|Any CPU
		{AC2A1335-C666-4359-A146-9B1579B61067}.AppStore|x86.ActiveCfg = Debug|Any CPU
		{AC2A1335-C666-4359-A146-9B1579B61067}.AppStore|x86.Build.0 = Debug|Any CPU
		{AC2A1335-C666-4359-A146-9B1579B61067}.Debug|Any CPU.ActiveCfg = Debug|Any CPU
		{AC2A1335-C666-4359-A146-9B1579B61067}.Debug|Any CPU.Build.0 = Debug|Any CPU
		{AC2A1335-C666-4359-A146-9B1579B61067}.Debug|ARM.ActiveCfg = Debug|Any CPU
		{AC2A1335-C666-4359-A146-9B1579B61067}.Debug|ARM.Build.0 = Debug|Any CPU
		{AC2A1335-C666-4359-A146-9B1579B61067}.Debug|ARM64.ActiveCfg = Debug|Any CPU
		{AC2A1335-C666-4359-A146-9B1579B61067}.Debug|ARM64.Build.0 = Debug|Any CPU
		{AC2A1335-C666-4359-A146-9B1579B61067}.Debug|iPhone.ActiveCfg = Debug|Any CPU
		{AC2A1335-C666-4359-A146-9B1579B61067}.Debug|iPhone.Build.0 = Debug|Any CPU
		{AC2A1335-C666-4359-A146-9B1579B61067}.Debug|iPhoneSimulator.ActiveCfg = Debug|Any CPU
		{AC2A1335-C666-4359-A146-9B1579B61067}.Debug|iPhoneSimulator.Build.0 = Debug|Any CPU
		{AC2A1335-C666-4359-A146-9B1579B61067}.Debug|x64.ActiveCfg = Debug|Any CPU
		{AC2A1335-C666-4359-A146-9B1579B61067}.Debug|x64.Build.0 = Debug|Any CPU
		{AC2A1335-C666-4359-A146-9B1579B61067}.Debug|x86.ActiveCfg = Debug|Any CPU
		{AC2A1335-C666-4359-A146-9B1579B61067}.Debug|x86.Build.0 = Debug|Any CPU
		{AC2A1335-C666-4359-A146-9B1579B61067}.Release|Any CPU.ActiveCfg = Release|Any CPU
		{AC2A1335-C666-4359-A146-9B1579B61067}.Release|Any CPU.Build.0 = Release|Any CPU
		{AC2A1335-C666-4359-A146-9B1579B61067}.Release|ARM.ActiveCfg = Release|Any CPU
		{AC2A1335-C666-4359-A146-9B1579B61067}.Release|ARM.Build.0 = Release|Any CPU
		{AC2A1335-C666-4359-A146-9B1579B61067}.Release|ARM64.ActiveCfg = Release|Any CPU
		{AC2A1335-C666-4359-A146-9B1579B61067}.Release|ARM64.Build.0 = Release|Any CPU
		{AC2A1335-C666-4359-A146-9B1579B61067}.Release|iPhone.ActiveCfg = Release|Any CPU
		{AC2A1335-C666-4359-A146-9B1579B61067}.Release|iPhone.Build.0 = Release|Any CPU
		{AC2A1335-C666-4359-A146-9B1579B61067}.Release|iPhoneSimulator.ActiveCfg = Release|Any CPU
		{AC2A1335-C666-4359-A146-9B1579B61067}.Release|iPhoneSimulator.Build.0 = Release|Any CPU
		{AC2A1335-C666-4359-A146-9B1579B61067}.Release|x64.ActiveCfg = Release|Any CPU
		{AC2A1335-C666-4359-A146-9B1579B61067}.Release|x64.Build.0 = Release|Any CPU
		{AC2A1335-C666-4359-A146-9B1579B61067}.Release|x86.ActiveCfg = Release|Any CPU
		{AC2A1335-C666-4359-A146-9B1579B61067}.Release|x86.Build.0 = Release|Any CPU
	EndGlobalSection
	GlobalSection(SolutionProperties) = preSolution
		HideSolutionNode = FALSE
	EndGlobalSection
	GlobalSection(ExtensibilityGlobals) = postSolution
		SolutionGuid = {EA718079-8797-4BC2-A583-CB5CE2BD9095}
	EndGlobalSection
EndGlobal
