
Microsoft Visual Studio Solution File, Format Version 12.00
# Visual Studio Version 16
VisualStudioVersion = 16.0.28606.126
MinimumVisualStudioVersion = 10.0.40219.1
Project("{FAE04EC0-301F-11D3-BF4B-00C04F79EFBC}") = "CodeNames.Uwp", "CodeNames.Uwp\CodeNames.Uwp.csproj", "{F721AC8F-133D-43CA-A82D-B2E3CECA7049}"
EndProject
Project("{9A19103F-16F7-4668-BE54-9A1E7A4F7556}") = "CodeNames", "CodeNames\CodeNames.csproj", "{26F7D673-E41E-4B9C-94C0-0C79B31B9B4F}"
EndProject
Global
	GlobalSection(SolutionConfigurationPlatforms) = preSolution
		Debug|Any CPU = Debug|Any CPU
		Debug|ARM = Debug|ARM
		Debug|ARM64 = Debug|ARM64
		Debug|x64 = Debug|x64
		Debug|x86 = Debug|x86
		Release|Any CPU = Release|Any CPU
		Release|ARM = Release|ARM
		Release|ARM64 = Release|ARM64
		Release|x64 = Release|x64
		Release|x86 = Release|x86
	EndGlobalSection
	GlobalSection(ProjectConfigurationPlatforms) = postSolution
		{F721AC8F-133D-43CA-A82D-B2E3CECA7049}.Debug|Any CPU.ActiveCfg = Debug|x86
		{F721AC8F-133D-43CA-A82D-B2E3CECA7049}.Debug|ARM.ActiveCfg = Debug|ARM
		{F721AC8F-133D-43CA-A82D-B2E3CECA7049}.Debug|ARM.Build.0 = Debug|ARM
		{F721AC8F-133D-43CA-A82D-B2E3CECA7049}.Debug|ARM.Deploy.0 = Debug|ARM
		{F721AC8F-133D-43CA-A82D-B2E3CECA7049}.Debug|ARM64.ActiveCfg = Debug|ARM64
		{F721AC8F-133D-43CA-A82D-B2E3CECA7049}.Debug|ARM64.Build.0 = Debug|ARM64
		{F721AC8F-133D-43CA-A82D-B2E3CECA7049}.Debug|ARM64.Deploy.0 = Debug|ARM64
		{F721AC8F-133D-43CA-A82D-B2E3CECA7049}.Debug|x64.ActiveCfg = Debug|x64
		{F721AC8F-133D-43CA-A82D-B2E3CECA7049}.Debug|x64.Build.0 = Debug|x64
		{F721AC8F-133D-43CA-A82D-B2E3CECA7049}.Debug|x64.Deploy.0 = Debug|x64
		{F721AC8F-133D-43CA-A82D-B2E3CECA7049}.Debug|x86.ActiveCfg = Debug|x86
		{F721AC8F-133D-43CA-A82D-B2E3CECA7049}.Debug|x86.Build.0 = Debug|x86
		{F721AC8F-133D-43CA-A82D-B2E3CECA7049}.Debug|x86.Deploy.0 = Debug|x86
		{F721AC8F-133D-43CA-A82D-B2E3CECA7049}.Release|Any CPU.ActiveCfg = Release|x86
		{F721AC8F-133D-43CA-A82D-B2E3CECA7049}.Release|ARM.ActiveCfg = Release|ARM
		{F721AC8F-133D-43CA-A82D-B2E3CECA7049}.Release|ARM.Build.0 = Release|ARM
		{F721AC8F-133D-43CA-A82D-B2E3CECA7049}.Release|ARM.Deploy.0 = Release|ARM
		{F721AC8F-133D-43CA-A82D-B2E3CECA7049}.Release|ARM64.ActiveCfg = Release|ARM64
		{F721AC8F-133D-43CA-A82D-B2E3CECA7049}.Release|ARM64.Build.0 = Release|ARM64
		{F721AC8F-133D-43CA-A82D-B2E3CECA7049}.Release|ARM64.Deploy.0 = Release|ARM64
		{F721AC8F-133D-43CA-A82D-B2E3CECA7049}.Release|x64.ActiveCfg = Release|x64
		{F721AC8F-133D-43CA-A82D-B2E3CECA7049}.Release|x64.Build.0 = Release|x64
		{F721AC8F-133D-43CA-A82D-B2E3CECA7049}.Release|x64.Deploy.0 = Release|x64
		{F721AC8F-133D-43CA-A82D-B2E3CECA7049}.Release|x86.ActiveCfg = Release|x86
		{F721AC8F-133D-43CA-A82D-B2E3CECA7049}.Release|x86.Build.0 = Release|x86
		{F721AC8F-133D-43CA-A82D-B2E3CECA7049}.Release|x86.Deploy.0 = Release|x86
		{26F7D673-E41E-4B9C-94C0-0C79B31B9B4F}.Debug|Any CPU.ActiveCfg = Debug|Any CPU
		{26F7D673-E41E-4B9C-94C0-0C79B31B9B4F}.Debug|Any CPU.Build.0 = Debug|Any CPU
		{26F7D673-E41E-4B9C-94C0-0C79B31B9B4F}.Debug|ARM.ActiveCfg = Debug|Any CPU
		{26F7D673-E41E-4B9C-94C0-0C79B31B9B4F}.Debug|ARM.Build.0 = Debug|Any CPU
		{26F7D673-E41E-4B9C-94C0-0C79B31B9B4F}.Debug|ARM64.ActiveCfg = Debug|Any CPU
		{26F7D673-E41E-4B9C-94C0-0C79B31B9B4F}.Debug|ARM64.Build.0 = Debug|Any CPU
		{26F7D673-E41E-4B9C-94C0-0C79B31B9B4F}.Debug|x64.ActiveCfg = Debug|Any CPU
		{26F7D673-E41E-4B9C-94C0-0C79B31B9B4F}.Debug|x64.Build.0 = Debug|Any CPU
		{26F7D673-E41E-4B9C-94C0-0C79B31B9B4F}.Debug|x86.ActiveCfg = Debug|Any CPU
		{26F7D673-E41E-4B9C-94C0-0C79B31B9B4F}.Debug|x86.Build.0 = Debug|Any CPU
		{26F7D673-E41E-4B9C-94C0-0C79B31B9B4F}.Release|Any CPU.ActiveCfg = Release|Any CPU
		{26F7D673-E41E-4B9C-94C0-0C79B31B9B4F}.Release|Any CPU.Build.0 = Release|Any CPU
		{26F7D673-E41E-4B9C-94C0-0C79B31B9B4F}.Release|ARM.ActiveCfg = Release|Any CPU
		{26F7D673-E41E-4B9C-94C0-0C79B31B9B4F}.Release|ARM.Build.0 = Release|Any CPU
		{26F7D673-E41E-4B9C-94C0-0C79B31B9B4F}.Release|ARM64.ActiveCfg = Release|Any CPU
		{26F7D673-E41E-4B9C-94C0-0C79B31B9B4F}.Release|ARM64.Build.0 = Release|Any CPU
		{26F7D673-E41E-4B9C-94C0-0C79B31B9B4F}.Release|x64.ActiveCfg = Release|Any CPU
		{26F7D673-E41E-4B9C-94C0-0C79B31B9B4F}.Release|x64.Build.0 = Release|Any CPU
		{26F7D673-E41E-4B9C-94C0-0C79B31B9B4F}.Release|x86.ActiveCfg = Release|Any CPU
		{26F7D673-E41E-4B9C-94C0-0C79B31B9B4F}.Release|x86.Build.0 = Release|Any CPU
	EndGlobalSection
	GlobalSection(SolutionProperties) = preSolution
		HideSolutionNode = FALSE
	EndGlobalSection
	GlobalSection(ExtensibilityGlobals) = postSolution
		SolutionGuid = {EA718079-8797-4BC2-A583-CB5CE2BD9095}
	EndGlobalSection
EndGlobal
