
Microsoft Visual Studio Solution File, Format Version 12.00
# Visual Studio Version 17
VisualStudioVersion = 17.13.35825.156
MinimumVisualStudioVersion = 10.0.40219.1
Project("{FAE04EC0-301F-11D3-BF4B-00C04F79EFBC}") = "OfflineTasks", "OfflineTasks\OfflineTasks.csproj", "{B56B6825-7E93-F163-F22C-A9D9950057F1}"
EndProject
Project("{FAE04EC0-301F-11D3-BF4B-00C04F79EFBC}") = "OfflineTasks.MyEbms", "OfflineTasks.MyEbms\OfflineTasks.MyEbms.csproj", "{E20BC90C-1F2F-86DC-F5F1-2047FB70CBB4}"
EndProject
Global
	GlobalSection(SolutionConfigurationPlatforms) = preSolution
		Debug|Any CPU = Debug|Any CPU
		Release|Any CPU = Release|Any CPU
	EndGlobalSection
	GlobalSection(ProjectConfigurationPlatforms) = postSolution
		{B56B6825-7E93-F163-F22C-A9D9950057F1}.Debug|Any CPU.ActiveCfg = Debug|Any CPU
		{B56B6825-7E93-F163-F22C-A9D9950057F1}.Debug|Any CPU.Build.0 = Debug|Any CPU
		{B56B6825-7E93-F163-F22C-A9D9950057F1}.Release|Any CPU.ActiveCfg = Release|Any CPU
		{B56B6825-7E93-F163-F22C-A9D9950057F1}.Release|Any CPU.Build.0 = Release|Any CPU
		{E20BC90C-1F2F-86DC-F5F1-2047FB70CBB4}.Debug|Any CPU.ActiveCfg = Debug|Any CPU
		{E20BC90C-1F2F-86DC-F5F1-2047FB70CBB4}.Debug|Any CPU.Build.0 = Debug|Any CPU
		{E20BC90C-1F2F-86DC-F5F1-2047FB70CBB4}.Release|Any CPU.ActiveCfg = Release|Any CPU
		{E20BC90C-1F2F-86DC-F5F1-2047FB70CBB4}.Release|Any CPU.Build.0 = Release|Any CPU
	EndGlobalSection
	GlobalSection(SolutionProperties) = preSolution
		HideSolutionNode = FALSE
	EndGlobalSection
	GlobalSection(ExtensibilityGlobals) = postSolution
		SolutionGuid = {03AD8C5C-CE73-460F-B4D3-4ABC49F703F8}
	EndGlobalSection
EndGlobal
